<?xml version="1.0" encoding="UTF-8"?>
<Scheme
   version = "1.3">
   <BuildAction>
      <BuildActionEntries>
         <BuildActionEntry
            buildForRunning = "YES">
            <BuildableReference
               BuildableIdentifier = "primary"
               BlueprintIdentifier = "14C964096F8D2BACAF72D41D"
               BuildableName = "LMemoryPool"
               BlueprintName = "LMemoryPool"
               ReferencedContainer = "container:LMemoryPool.xcodeproj">
            </BuildableReference>
         </BuildActionEntry>
      </BuildActionEntries>
   </BuildAction>
   <LaunchAction
      useCustomWorkingDirectory = "NO"
      buildConfiguration = "Debug">
      <BuildableProductRunnable>
         <BuildableReference
            BuildableIdentifier = "primary"
            BlueprintIdentifier = "14C964096F8D2BACAF72D41D"
            BuildableName = "LMemoryPool"
            BlueprintName = "LMemoryPool"
            ReferencedContainer = "container:LMemoryPool.xcodeproj">
         </BuildableReference>
      </BuildableProductRunnable>
   </LaunchAction>
</Scheme>
